
Microsoft Visual Studio Solution File, Format Version 12.00
# Visual Studio Version 17
VisualStudioVersion = 17.13.35617.110
MinimumVisualStudioVersion = 10.0.40219.1
Project("{2150E333-8FDC-42A3-9474-1A3956D46DE8}") = "Application", "Application", "{26DCD9DF-B430-4968-B8B0-887E0CA2D18A}"
EndProject
Project("{2150E333-8FDC-42A3-9474-1A3956D46DE8}") = "Platform", "Platform", "{720F7FB3-DA2E-4824-BA8F-6DA34EE85C7F}"
EndProject
Project("{FAE04EC0-301F-11D3-BF4B-00C04F79EFBC}") = "A6ToolKits.Database", "Platform\A6ToolKits.Database\A6ToolKits.Database.csproj", "{FED1FC85-DF46-489E-84C3-256CF4901903}"
EndProject
Project("{FAE04EC0-301F-11D3-BF4B-00C04F79EFBC}") = "A6ToolKits.Layout", "Platform\A6ToolKits.Layout\A6ToolKits.Layout.csproj", "{61DD1B7B-4E3E-433B-9FB5-D9295E068ECF}"
EndProject
Project("{2150E333-8FDC-42A3-9474-1A3956D46DE8}") = "Document", "Document", "{F11227F4-D922-47BB-B6EE-E969E89BB038}"
	ProjectSection(SolutionItems) = preProject
		README.md = README.md
	EndProjectSection
EndProject
Project("{FAE04EC0-301F-11D3-BF4B-00C04F79EFBC}") = "A6ToolKits.Starter", "Platform\A6ToolKits.Starter\A6ToolKits.Starter.csproj", "{E1CCFE33-A7DB-4E48-A7BB-398A1FAC0DFF}"
EndProject
Project("{2150E333-8FDC-42A3-9474-1A3956D46DE8}") = "UnitTest", "UnitTest", "{97528595-3ED3-4FB0-ADA8-26E7F9B0D893}"
EndProject
Project("{FAE04EC0-301F-11D3-BF4B-00C04F79EFBC}") = "DatabaseModuleTest", "UnitTest\DatabaseModuleTest\DatabaseModuleTest.csproj", "{779DFCE6-3741-4A06-8AB2-935CD300094A}"
EndProject
Project("{FAE04EC0-301F-11D3-BF4B-00C04F79EFBC}") = "A6ToolKits.Desktop", "Platform\A6ToolKits.Desktop\A6ToolKits.Desktop.csproj", "{F7C4324F-4568-4B53-A680-AD2D099E3969}"
EndProject
Project("{FAE04EC0-301F-11D3-BF4B-00C04F79EFBC}") = "A6ToolKits.Base", "Platform\A6ToolKits.Base\A6ToolKits.Base.csproj", "{DFDCDBFF-ECAD-CF1D-00FF-E530976F037D}"
EndProject
Project("{FAE04EC0-301F-11D3-BF4B-00C04F79EFBC}") = "A6ToolKits.Controls", "Platform\A6ToolKits.Controls\A6ToolKits.Controls.csproj", "{55514598-A536-B58B-6DBB-F710B06C5428}"
EndProject
Project("{FAE04EC0-301F-11D3-BF4B-00C04F79EFBC}") = "A6ToolKits.Resources", "Platform\A6ToolKits.Resources\A6ToolKits.Resources.csproj", "{D169B688-3E5C-6AC0-AC1F-932AB8344EC6}"
EndProject
Project("{2150E333-8FDC-42A3-9474-1A3956D46DE8}") = "UIPackage", "UIPackage", "{02EA681E-C7D8-13C7-8484-4AC65E1B71E8}"
EndProject
Project("{2150E333-8FDC-42A3-9474-1A3956D46DE8}") = "Modules", "Modules", "{6E4AEAFA-BDC8-47CB-BF91-DBD1CEC48443}"
EndProject
Project("{FAE04EC0-301F-11D3-BF4B-00C04F79EFBC}") = "A6ToolKits.Modules", "Platform\A6ToolKits.Modules\A6ToolKits.Modules.csproj", "{0DD2EFF4-7BB5-46F0-BEA7-DCFBC9532A19}"
EndProject
Project("{2150E333-8FDC-42A3-9474-1A3956D46DE8}") = "Services", "Services", "{13B9B1D8-4C6A-4DE8-BA83-CF5FB6D628C6}"
EndProject
Project("{FAE04EC0-301F-11D3-BF4B-00C04F79EFBC}") = "A6ToolKits.Services", "Platform\A6ToolKits.Services\A6ToolKits.Services.csproj", "{A44A2F4E-0B14-461C-AC9C-965835144A75}"
EndProject
Global
	GlobalSection(SolutionConfigurationPlatforms) = preSolution
		Debug|Any CPU = Debug|Any CPU
		Release|Any CPU = Release|Any CPU
	EndGlobalSection
	GlobalSection(ProjectConfigurationPlatforms) = postSolution
		{FED1FC85-DF46-489E-84C3-256CF4901903}.Debug|Any CPU.ActiveCfg = Debug|Any CPU
		{FED1FC85-DF46-489E-84C3-256CF4901903}.Debug|Any CPU.Build.0 = Debug|Any CPU
		{FED1FC85-DF46-489E-84C3-256CF4901903}.Release|Any CPU.ActiveCfg = Release|Any CPU
		{FED1FC85-DF46-489E-84C3-256CF4901903}.Release|Any CPU.Build.0 = Release|Any CPU
		{61DD1B7B-4E3E-433B-9FB5-D9295E068ECF}.Debug|Any CPU.ActiveCfg = Debug|Any CPU
		{61DD1B7B-4E3E-433B-9FB5-D9295E068ECF}.Debug|Any CPU.Build.0 = Debug|Any CPU
		{61DD1B7B-4E3E-433B-9FB5-D9295E068ECF}.Release|Any CPU.ActiveCfg = Release|Any CPU
		{61DD1B7B-4E3E-433B-9FB5-D9295E068ECF}.Release|Any CPU.Build.0 = Release|Any CPU
		{E1CCFE33-A7DB-4E48-A7BB-398A1FAC0DFF}.Debug|Any CPU.ActiveCfg = Debug|Any CPU
		{E1CCFE33-A7DB-4E48-A7BB-398A1FAC0DFF}.Debug|Any CPU.Build.0 = Debug|Any CPU
		{E1CCFE33-A7DB-4E48-A7BB-398A1FAC0DFF}.Release|Any CPU.ActiveCfg = Release|Any CPU
		{E1CCFE33-A7DB-4E48-A7BB-398A1FAC0DFF}.Release|Any CPU.Build.0 = Release|Any CPU
		{779DFCE6-3741-4A06-8AB2-935CD300094A}.Debug|Any CPU.ActiveCfg = Debug|Any CPU
		{779DFCE6-3741-4A06-8AB2-935CD300094A}.Debug|Any CPU.Build.0 = Debug|Any CPU
		{779DFCE6-3741-4A06-8AB2-935CD300094A}.Release|Any CPU.ActiveCfg = Release|Any CPU
		{779DFCE6-3741-4A06-8AB2-935CD300094A}.Release|Any CPU.Build.0 = Release|Any CPU
		{F7C4324F-4568-4B53-A680-AD2D099E3969}.Debug|Any CPU.ActiveCfg = Debug|Any CPU
		{F7C4324F-4568-4B53-A680-AD2D099E3969}.Debug|Any CPU.Build.0 = Debug|Any CPU
		{F7C4324F-4568-4B53-A680-AD2D099E3969}.Release|Any CPU.ActiveCfg = Release|Any CPU
		{F7C4324F-4568-4B53-A680-AD2D099E3969}.Release|Any CPU.Build.0 = Release|Any CPU
		{DFDCDBFF-ECAD-CF1D-00FF-E530976F037D}.Debug|Any CPU.ActiveCfg = Debug|Any CPU
		{DFDCDBFF-ECAD-CF1D-00FF-E530976F037D}.Debug|Any CPU.Build.0 = Debug|Any CPU
		{DFDCDBFF-ECAD-CF1D-00FF-E530976F037D}.Release|Any CPU.ActiveCfg = Release|Any CPU
		{DFDCDBFF-ECAD-CF1D-00FF-E530976F037D}.Release|Any CPU.Build.0 = Release|Any CPU
		{55514598-A536-B58B-6DBB-F710B06C5428}.Debug|Any CPU.ActiveCfg = Debug|Any CPU
		{55514598-A536-B58B-6DBB-F710B06C5428}.Debug|Any CPU.Build.0 = Debug|Any CPU
		{55514598-A536-B58B-6DBB-F710B06C5428}.Release|Any CPU.ActiveCfg = Release|Any CPU
		{55514598-A536-B58B-6DBB-F710B06C5428}.Release|Any CPU.Build.0 = Release|Any CPU
		{D169B688-3E5C-6AC0-AC1F-932AB8344EC6}.Debug|Any CPU.ActiveCfg = Debug|Any CPU
		{D169B688-3E5C-6AC0-AC1F-932AB8344EC6}.Debug|Any CPU.Build.0 = Debug|Any CPU
		{D169B688-3E5C-6AC0-AC1F-932AB8344EC6}.Release|Any CPU.ActiveCfg = Release|Any CPU
		{D169B688-3E5C-6AC0-AC1F-932AB8344EC6}.Release|Any CPU.Build.0 = Release|Any CPU
		{0DD2EFF4-7BB5-46F0-BEA7-DCFBC9532A19}.Debug|Any CPU.ActiveCfg = Debug|Any CPU
		{0DD2EFF4-7BB5-46F0-BEA7-DCFBC9532A19}.Debug|Any CPU.Build.0 = Debug|Any CPU
		{0DD2EFF4-7BB5-46F0-BEA7-DCFBC9532A19}.Release|Any CPU.ActiveCfg = Release|Any CPU
		{0DD2EFF4-7BB5-46F0-BEA7-DCFBC9532A19}.Release|Any CPU.Build.0 = Release|Any CPU
		{A44A2F4E-0B14-461C-AC9C-965835144A75}.Debug|Any CPU.ActiveCfg = Debug|Any CPU
		{A44A2F4E-0B14-461C-AC9C-965835144A75}.Debug|Any CPU.Build.0 = Debug|Any CPU
		{A44A2F4E-0B14-461C-AC9C-965835144A75}.Release|Any CPU.ActiveCfg = Release|Any CPU
		{A44A2F4E-0B14-461C-AC9C-965835144A75}.Release|Any CPU.Build.0 = Release|Any CPU
	EndGlobalSection
	GlobalSection(SolutionProperties) = preSolution
		HideSolutionNode = FALSE
	EndGlobalSection
	GlobalSection(NestedProjects) = preSolution
		{E1CCFE33-A7DB-4E48-A7BB-398A1FAC0DFF} = {720F7FB3-DA2E-4824-BA8F-6DA34EE85C7F}
		{779DFCE6-3741-4A06-8AB2-935CD300094A} = {97528595-3ED3-4FB0-ADA8-26E7F9B0D893}
		{55514598-A536-B58B-6DBB-F710B06C5428} = {02EA681E-C7D8-13C7-8484-4AC65E1B71E8}
		{D169B688-3E5C-6AC0-AC1F-932AB8344EC6} = {02EA681E-C7D8-13C7-8484-4AC65E1B71E8}
		{02EA681E-C7D8-13C7-8484-4AC65E1B71E8} = {720F7FB3-DA2E-4824-BA8F-6DA34EE85C7F}
		{6E4AEAFA-BDC8-47CB-BF91-DBD1CEC48443} = {720F7FB3-DA2E-4824-BA8F-6DA34EE85C7F}
		{61DD1B7B-4E3E-433B-9FB5-D9295E068ECF} = {6E4AEAFA-BDC8-47CB-BF91-DBD1CEC48443}
		{F7C4324F-4568-4B53-A680-AD2D099E3969} = {720F7FB3-DA2E-4824-BA8F-6DA34EE85C7F}
		{DFDCDBFF-ECAD-CF1D-00FF-E530976F037D} = {720F7FB3-DA2E-4824-BA8F-6DA34EE85C7F}
		{0DD2EFF4-7BB5-46F0-BEA7-DCFBC9532A19} = {6E4AEAFA-BDC8-47CB-BF91-DBD1CEC48443}
		{13B9B1D8-4C6A-4DE8-BA83-CF5FB6D628C6} = {720F7FB3-DA2E-4824-BA8F-6DA34EE85C7F}
		{A44A2F4E-0B14-461C-AC9C-965835144A75} = {13B9B1D8-4C6A-4DE8-BA83-CF5FB6D628C6}
		{FED1FC85-DF46-489E-84C3-256CF4901903} = {13B9B1D8-4C6A-4DE8-BA83-CF5FB6D628C6}
	EndGlobalSection
	GlobalSection(ExtensibilityGlobals) = postSolution
		SolutionGuid = {07129F5C-D0BC-41D0-BC69-1788631A2DCF}
	EndGlobalSection
EndGlobal
