
Microsoft Visual Studio Solution File, Format Version 12.00
Project("{2150E333-8FDC-42A3-9474-1A3956D46DE8}") = "Application", "Application", "{26DCD9DF-B430-4968-B8B0-887E0CA2D18A}"
EndProject
Project("{2150E333-8FDC-42A3-9474-1A3956D46DE8}") = "Platform", "Platform", "{720F7FB3-DA2E-4824-BA8F-6DA34EE85C7F}"
EndProject
Project("{FAE04EC0-301F-11D3-BF4B-00C04F79EFBC}") = "Demo", "Application\Demo\Demo.csproj", "{FF572AF3-57BE-4553-9E9B-17D5B1EAB8FA}"
EndProject
Project("{FAE04EC0-301F-11D3-BF4B-00C04F79EFBC}") = "A6ToolKits.Database", "Platform\A6ToolKits.Database\A6ToolKits.Database.csproj", "{FED1FC85-DF46-489E-84C3-256CF4901903}"
EndProject
Project("{FAE04EC0-301F-11D3-BF4B-00C04F79EFBC}") = "A6ToolKits.Layout", "Platform\A6ToolKits.Layout\A6ToolKits.Layout.csproj", "{61DD1B7B-4E3E-433B-9FB5-D9295E068ECF}"
EndProject
Project("{2150E333-8FDC-42A3-9474-1A3956D46DE8}") = "Document", "Document", "{F11227F4-D922-47BB-B6EE-E969E89BB038}"
	ProjectSection(SolutionItems) = preProject
		README.md = README.md
	EndProjectSection
EndProject
Project("{FAE04EC0-301F-11D3-BF4B-00C04F79EFBC}") = "A6ToolKits.Base", "Platform\A6ToolKits.Base\A6ToolKits.Base.csproj", "{E1CCFE33-A7DB-4E48-A7BB-398A1FAC0DFF}"
EndProject
Project("{2150E333-8FDC-42A3-9474-1A3956D46DE8}") = "UnitTest", "UnitTest", "{97528595-3ED3-4FB0-ADA8-26E7F9B0D893}"
EndProject
Project("{FAE04EC0-301F-11D3-BF4B-00C04F79EFBC}") = "DatabaseModuleTest", "UnitTest\DatabaseModuleTest\DatabaseModuleTest.csproj", "{779DFCE6-3741-4A06-8AB2-935CD300094A}"
EndProject
Project("{FAE04EC0-301F-11D3-BF4B-00C04F79EFBC}") = "ToDoList", "Application\ToDoList\ToDoList.csproj", "{12B209B9-D640-4B00-8955-137A0A024FEF}"
EndProject
Global
	GlobalSection(SolutionConfigurationPlatforms) = preSolution
		Debug|Any CPU = Debug|Any CPU
		Release|Any CPU = Release|Any CPU
	EndGlobalSection
	GlobalSection(ProjectConfigurationPlatforms) = postSolution
		{FF572AF3-57BE-4553-9E9B-17D5B1EAB8FA}.Debug|Any CPU.ActiveCfg = Debug|Any CPU
		{FF572AF3-57BE-4553-9E9B-17D5B1EAB8FA}.Debug|Any CPU.Build.0 = Debug|Any CPU
		{FF572AF3-57BE-4553-9E9B-17D5B1EAB8FA}.Release|Any CPU.ActiveCfg = Release|Any CPU
		{FF572AF3-57BE-4553-9E9B-17D5B1EAB8FA}.Release|Any CPU.Build.0 = Release|Any CPU
		{FED1FC85-DF46-489E-84C3-256CF4901903}.Debug|Any CPU.ActiveCfg = Debug|Any CPU
		{FED1FC85-DF46-489E-84C3-256CF4901903}.Debug|Any CPU.Build.0 = Debug|Any CPU
		{FED1FC85-DF46-489E-84C3-256CF4901903}.Release|Any CPU.ActiveCfg = Release|Any CPU
		{FED1FC85-DF46-489E-84C3-256CF4901903}.Release|Any CPU.Build.0 = Release|Any CPU
		{61DD1B7B-4E3E-433B-9FB5-D9295E068ECF}.Debug|Any CPU.ActiveCfg = Debug|Any CPU
		{61DD1B7B-4E3E-433B-9FB5-D9295E068ECF}.Debug|Any CPU.Build.0 = Debug|Any CPU
		{61DD1B7B-4E3E-433B-9FB5-D9295E068ECF}.Release|Any CPU.ActiveCfg = Release|Any CPU
		{61DD1B7B-4E3E-433B-9FB5-D9295E068ECF}.Release|Any CPU.Build.0 = Release|Any CPU
		{E1CCFE33-A7DB-4E48-A7BB-398A1FAC0DFF}.Debug|Any CPU.ActiveCfg = Debug|Any CPU
		{E1CCFE33-A7DB-4E48-A7BB-398A1FAC0DFF}.Debug|Any CPU.Build.0 = Debug|Any CPU
		{E1CCFE33-A7DB-4E48-A7BB-398A1FAC0DFF}.Release|Any CPU.ActiveCfg = Release|Any CPU
		{E1CCFE33-A7DB-4E48-A7BB-398A1FAC0DFF}.Release|Any CPU.Build.0 = Release|Any CPU
		{779DFCE6-3741-4A06-8AB2-935CD300094A}.Debug|Any CPU.ActiveCfg = Debug|Any CPU
		{779DFCE6-3741-4A06-8AB2-935CD300094A}.Debug|Any CPU.Build.0 = Debug|Any CPU
		{779DFCE6-3741-4A06-8AB2-935CD300094A}.Release|Any CPU.ActiveCfg = Release|Any CPU
		{779DFCE6-3741-4A06-8AB2-935CD300094A}.Release|Any CPU.Build.0 = Release|Any CPU
		{12B209B9-D640-4B00-8955-137A0A024FEF}.Debug|Any CPU.ActiveCfg = Debug|Any CPU
		{12B209B9-D640-4B00-8955-137A0A024FEF}.Debug|Any CPU.Build.0 = Debug|Any CPU
		{12B209B9-D640-4B00-8955-137A0A024FEF}.Release|Any CPU.ActiveCfg = Release|Any CPU
		{12B209B9-D640-4B00-8955-137A0A024FEF}.Release|Any CPU.Build.0 = Release|Any CPU
	EndGlobalSection
	GlobalSection(NestedProjects) = preSolution
		{FF572AF3-57BE-4553-9E9B-17D5B1EAB8FA} = {26DCD9DF-B430-4968-B8B0-887E0CA2D18A}
		{FED1FC85-DF46-489E-84C3-256CF4901903} = {720F7FB3-DA2E-4824-BA8F-6DA34EE85C7F}
		{61DD1B7B-4E3E-433B-9FB5-D9295E068ECF} = {720F7FB3-DA2E-4824-BA8F-6DA34EE85C7F}
		{E1CCFE33-A7DB-4E48-A7BB-398A1FAC0DFF} = {720F7FB3-DA2E-4824-BA8F-6DA34EE85C7F}
		{779DFCE6-3741-4A06-8AB2-935CD300094A} = {97528595-3ED3-4FB0-ADA8-26E7F9B0D893}
		{12B209B9-D640-4B00-8955-137A0A024FEF} = {26DCD9DF-B430-4968-B8B0-887E0CA2D18A}
	EndGlobalSection
EndGlobal
